
Microsoft Visual Studio Solution File, Format Version 12.00
# Visual Studio Version 16
VisualStudioVersion = 16.0.30717.126
MinimumVisualStudioVersion = 10.0.40219.1
Project("{FAE04EC0-301F-11D3-BF4B-00C04F79EFBC}") = "CIAppTest", "CIAppTest.csproj", "{1C4A6625-81FF-4E13-860B-001F1C35F3C7}"
EndProject
Global
	GlobalSection(SolutionConfigurationPlatforms) = preSolution
		Debug|Any CPU = Debug|Any CPU
		Release|Any CPU = Release|Any CPU
	EndGlobalSection
	GlobalSection(ProjectConfigurationPlatforms) = postSolution
		{1C4A6625-81FF-4E13-860B-001F1C35F3C7}.Debug|Any CPU.ActiveCfg = Debug|Any CPU
		{1C4A6625-81FF-4E13-860B-001F1C35F3C7}.Debug|Any CPU.Build.0 = Debug|Any CPU
		{1C4A6625-81FF-4E13-860B-001F1C35F3C7}.Release|Any CPU.ActiveCfg = Release|Any CPU
		{1C4A6625-81FF-4E13-860B-001F1C35F3C7}.Release|Any CPU.Build.0 = Release|Any CPU
	EndGlobalSection
	GlobalSection(SolutionProperties) = preSolution
		HideSolutionNode = FALSE
	EndGlobalSection
	GlobalSection(ExtensibilityGlobals) = postSolution
		SolutionGuid = {E29E7D7A-714D-4C1C-BEE9-F2F94B2EE8BD}
	EndGlobalSection
EndGlobal
